
Microsoft Visual Studio Solution File, Format Version 12.00
# Visual Studio Version 17
VisualStudioVersion = 17.14.36414.22
MinimumVisualStudioVersion = 10.0.40219.1
Project("{FAE04EC0-301F-11D3-BF4B-00C04F79EFBC}") = "E-Commerce.API", "E-Commerce.API\E-Commerce.API.csproj", "{7844962E-A1AA-F3DF-4BFB-98DC6F7D1D5B}"
EndProject
Project("{FAE04EC0-301F-11D3-BF4B-00C04F79EFBC}") = "E-Commerce.AppHost", "E-Commerce.AppHost\E-Commerce.AppHost.csproj", "{DDBF7942-40DC-4062-827B-E135822D3F9A}"
EndProject
Project("{FAE04EC0-301F-11D3-BF4B-00C04F79EFBC}") = "E-Commerce.ServiceDefaults", "E-Commerce.ServiceDefaults\E-Commerce.ServiceDefaults.csproj", "{F21204A1-8EBF-7AD5-B765-113EF5C97E0A}"
EndProject
Project("{2150E333-8FDC-42A3-9474-1A3956D46DE8}") = "src", "src", "{02EA681E-C7D8-13C7-8484-4AC65E1B71E8}"
EndProject
Project("{2150E333-8FDC-42A3-9474-1A3956D46DE8}") = "Core", "Core", "{703FB9E9-685D-48A6-AC2F-E1CCE1C18F95}"
EndProject
Project("{2150E333-8FDC-42A3-9474-1A3956D46DE8}") = "External", "External", "{A521040E-7691-4528-B74D-8B6CD98BF8E3}"
EndProject
Project("{FAE04EC0-301F-11D3-BF4B-00C04F79EFBC}") = "E-Commerce.Domain", "E-Commerce.Domain\E-Commerce.Domain.csproj", "{7EBED0EF-2E29-4028-A90C-9B352E82E8F9}"
EndProject
Project("{FAE04EC0-301F-11D3-BF4B-00C04F79EFBC}") = "E-Commerce.Application", "E-Commerce.Application\E-Commerce.Application.csproj", "{1A016617-1AB1-442B-89E7-32E433D05582}"
EndProject
Project("{FAE04EC0-301F-11D3-BF4B-00C04F79EFBC}") = "E-Commerce.Persistance", "E-Commerce.Persistance\E-Commerce.Persistance.csproj", "{9A03A3D4-BAE6-45B1-AA9A-96E856F6ACB2}"
EndProject
Project("{FAE04EC0-301F-11D3-BF4B-00C04F79EFBC}") = "E-Commerce.Presentation", "E-Commerce.Presentation\E-Commerce.Presentation.csproj", "{00CB7A38-3586-4BD7-8B35-4C731088FB7B}"
EndProject
Project("{FAE04EC0-301F-11D3-BF4B-00C04F79EFBC}") = "E-Commerce.Infrastructure", "E-Commerce.Infrastructure\E-Commerce.Infrastructure.csproj", "{0B37FAC9-F07F-43C0-9F81-7A10E85A58EE}"
EndProject
Project("{2150E333-8FDC-42A3-9474-1A3956D46DE8}") = "test", "test", "{4CEE3995-ACDF-4116-85A9-42FAA02A72F1}"
EndProject
Project("{FAE04EC0-301F-11D3-BF4B-00C04F79EFBC}") = "E-Commerce.UnitTest", "E-Commerce.UnitTest\E-Commerce.UnitTest.csproj", "{36A010B6-076B-4FA6-BC35-398D25262FEB}"
EndProject
Global
	GlobalSection(SolutionConfigurationPlatforms) = preSolution
		Debug|Any CPU = Debug|Any CPU
		Release|Any CPU = Release|Any CPU
	EndGlobalSection
	GlobalSection(ProjectConfigurationPlatforms) = postSolution
		{7844962E-A1AA-F3DF-4BFB-98DC6F7D1D5B}.Debug|Any CPU.ActiveCfg = Debug|Any CPU
		{7844962E-A1AA-F3DF-4BFB-98DC6F7D1D5B}.Debug|Any CPU.Build.0 = Debug|Any CPU
		{7844962E-A1AA-F3DF-4BFB-98DC6F7D1D5B}.Release|Any CPU.ActiveCfg = Release|Any CPU
		{7844962E-A1AA-F3DF-4BFB-98DC6F7D1D5B}.Release|Any CPU.Build.0 = Release|Any CPU
		{DDBF7942-40DC-4062-827B-E135822D3F9A}.Debug|Any CPU.ActiveCfg = Debug|Any CPU
		{DDBF7942-40DC-4062-827B-E135822D3F9A}.Debug|Any CPU.Build.0 = Debug|Any CPU
		{DDBF7942-40DC-4062-827B-E135822D3F9A}.Release|Any CPU.ActiveCfg = Release|Any CPU
		{DDBF7942-40DC-4062-827B-E135822D3F9A}.Release|Any CPU.Build.0 = Release|Any CPU
		{F21204A1-8EBF-7AD5-B765-113EF5C97E0A}.Debug|Any CPU.ActiveCfg = Debug|Any CPU
		{F21204A1-8EBF-7AD5-B765-113EF5C97E0A}.Debug|Any CPU.Build.0 = Debug|Any CPU
		{F21204A1-8EBF-7AD5-B765-113EF5C97E0A}.Release|Any CPU.ActiveCfg = Release|Any CPU
		{F21204A1-8EBF-7AD5-B765-113EF5C97E0A}.Release|Any CPU.Build.0 = Release|Any CPU
		{7EBED0EF-2E29-4028-A90C-9B352E82E8F9}.Debug|Any CPU.ActiveCfg = Debug|Any CPU
		{7EBED0EF-2E29-4028-A90C-9B352E82E8F9}.Debug|Any CPU.Build.0 = Debug|Any CPU
		{7EBED0EF-2E29-4028-A90C-9B352E82E8F9}.Release|Any CPU.ActiveCfg = Release|Any CPU
		{7EBED0EF-2E29-4028-A90C-9B352E82E8F9}.Release|Any CPU.Build.0 = Release|Any CPU
		{1A016617-1AB1-442B-89E7-32E433D05582}.Debug|Any CPU.ActiveCfg = Debug|Any CPU
		{1A016617-1AB1-442B-89E7-32E433D05582}.Debug|Any CPU.Build.0 = Debug|Any CPU
		{1A016617-1AB1-442B-89E7-32E433D05582}.Release|Any CPU.ActiveCfg = Release|Any CPU
		{1A016617-1AB1-442B-89E7-32E433D05582}.Release|Any CPU.Build.0 = Release|Any CPU
		{9A03A3D4-BAE6-45B1-AA9A-96E856F6ACB2}.Debug|Any CPU.ActiveCfg = Debug|Any CPU
		{9A03A3D4-BAE6-45B1-AA9A-96E856F6ACB2}.Debug|Any CPU.Build.0 = Debug|Any CPU
		{9A03A3D4-BAE6-45B1-AA9A-96E856F6ACB2}.Release|Any CPU.ActiveCfg = Release|Any CPU
		{9A03A3D4-BAE6-45B1-AA9A-96E856F6ACB2}.Release|Any CPU.Build.0 = Release|Any CPU
		{00CB7A38-3586-4BD7-8B35-4C731088FB7B}.Debug|Any CPU.ActiveCfg = Debug|Any CPU
		{00CB7A38-3586-4BD7-8B35-4C731088FB7B}.Debug|Any CPU.Build.0 = Debug|Any CPU
		{00CB7A38-3586-4BD7-8B35-4C731088FB7B}.Release|Any CPU.ActiveCfg = Release|Any CPU
		{00CB7A38-3586-4BD7-8B35-4C731088FB7B}.Release|Any CPU.Build.0 = Release|Any CPU
		{0B37FAC9-F07F-43C0-9F81-7A10E85A58EE}.Debug|Any CPU.ActiveCfg = Debug|Any CPU
		{0B37FAC9-F07F-43C0-9F81-7A10E85A58EE}.Debug|Any CPU.Build.0 = Debug|Any CPU
		{0B37FAC9-F07F-43C0-9F81-7A10E85A58EE}.Release|Any CPU.ActiveCfg = Release|Any CPU
		{0B37FAC9-F07F-43C0-9F81-7A10E85A58EE}.Release|Any CPU.Build.0 = Release|Any CPU
		{36A010B6-076B-4FA6-BC35-398D25262FEB}.Debug|Any CPU.ActiveCfg = Debug|Any CPU
		{36A010B6-076B-4FA6-BC35-398D25262FEB}.Debug|Any CPU.Build.0 = Debug|Any CPU
		{36A010B6-076B-4FA6-BC35-398D25262FEB}.Release|Any CPU.ActiveCfg = Release|Any CPU
		{36A010B6-076B-4FA6-BC35-398D25262FEB}.Release|Any CPU.Build.0 = Release|Any CPU
	EndGlobalSection
	GlobalSection(SolutionProperties) = preSolution
		HideSolutionNode = FALSE
	EndGlobalSection
	GlobalSection(NestedProjects) = preSolution
		{7844962E-A1AA-F3DF-4BFB-98DC6F7D1D5B} = {02EA681E-C7D8-13C7-8484-4AC65E1B71E8}
		{DDBF7942-40DC-4062-827B-E135822D3F9A} = {02EA681E-C7D8-13C7-8484-4AC65E1B71E8}
		{F21204A1-8EBF-7AD5-B765-113EF5C97E0A} = {02EA681E-C7D8-13C7-8484-4AC65E1B71E8}
		{703FB9E9-685D-48A6-AC2F-E1CCE1C18F95} = {02EA681E-C7D8-13C7-8484-4AC65E1B71E8}
		{A521040E-7691-4528-B74D-8B6CD98BF8E3} = {02EA681E-C7D8-13C7-8484-4AC65E1B71E8}
		{7EBED0EF-2E29-4028-A90C-9B352E82E8F9} = {703FB9E9-685D-48A6-AC2F-E1CCE1C18F95}
		{1A016617-1AB1-442B-89E7-32E433D05582} = {703FB9E9-685D-48A6-AC2F-E1CCE1C18F95}
		{9A03A3D4-BAE6-45B1-AA9A-96E856F6ACB2} = {A521040E-7691-4528-B74D-8B6CD98BF8E3}
		{00CB7A38-3586-4BD7-8B35-4C731088FB7B} = {A521040E-7691-4528-B74D-8B6CD98BF8E3}
		{0B37FAC9-F07F-43C0-9F81-7A10E85A58EE} = {A521040E-7691-4528-B74D-8B6CD98BF8E3}
		{36A010B6-076B-4FA6-BC35-398D25262FEB} = {4CEE3995-ACDF-4116-85A9-42FAA02A72F1}
	EndGlobalSection
	GlobalSection(ExtensibilityGlobals) = postSolution
		SolutionGuid = {6E95E7CE-EFF6-44EB-B4C2-5445002E0597}
	EndGlobalSection
EndGlobal
